// !$*UTF8*$!
{
	archiveVersion = 1;
	classes = {
	};
	objectVersion = 77;
	objects = {

/* Begin PBXBuildFile section */
		164FADEA2FA21C5100410BD1 /* AppDelegate.swift in Sources */ = {isa = PBXBuildFile; fileRef = 164FADE92FA21C5100410BD1 /* AppDelegate.swift */; };
		164FADEE2FA21C5100410BD1 /* Main.html in Resources */ = {isa = PBXBuildFile; fileRef = 164FADEC2FA21C5100410BD1 /* Main.html */; };
		164FADF02FA21C5100410BD1 /* Icon.png in Resources */ = {isa = PBXBuildFile; fileRef = 164FADEF2FA21C5100410BD1 /* Icon.png */; };
		164FADF22FA21C5100410BD1 /* Style.css in Resources */ = {isa = PBXBuildFile; fileRef = 164FADF12FA21C5100410BD1 /* Style.css */; };
		164FADF42FA21C5100410BD1 /* Script.js in Resources */ = {isa = PBXBuildFile; fileRef = 164FADF32FA21C5100410BD1 /* Script.js */; };
		164FADF62FA21C5100410BD1 /* ViewController.swift in Sources */ = {isa = PBXBuildFile; fileRef = 164FADF52FA21C5100410BD1 /* ViewController.swift */; };
		164FADF92FA21C5100410BD1 /* Main.storyboard in Resources */ = {isa = PBXBuildFile; fileRef = 164FADF72FA21C5100410BD1 /* Main.storyboard */; };
		164FADFB2FA21C5200410BD1 /* Assets.xcassets in Resources */ = {isa = PBXBuildFile; fileRef = 164FADFA2FA21C5200410BD1 /* Assets.xcassets */; };
		164FAE022FA21C5200410BD1 /* TabOutSafari Extension.appex in Embed Foundation Extensions */ = {isa = PBXBuildFile; fileRef = 164FAE012FA21C5200410BD1 /* TabOutSafari Extension.appex */; settings = {ATTRIBUTES = (RemoveHeadersOnCopy, ); }; };
		164FAE072FA21C5200410BD1 /* SafariWebExtensionHandler.swift in Sources */ = {isa = PBXBuildFile; fileRef = 164FAE062FA21C5200410BD1 /* SafariWebExtensionHandler.swift */; };
		164FAE192FA21C5300410BD1 /* index.html in Resources */ = {isa = PBXBuildFile; fileRef = 164FAE132FA21C5300410BD1 /* index.html */; };
		164FAE1A2FA21C5300410BD1 /* background.js in Resources */ = {isa = PBXBuildFile; fileRef = 164FAE142FA21C5300410BD1 /* background.js */; };
		164FAE1B2FA21C5300410BD1 /* icons in Resources */ = {isa = PBXBuildFile; fileRef = 164FAE152FA21C5300410BD1 /* icons */; };
		164FAE1C2FA21C5300410BD1 /* style.css in Resources */ = {isa = PBXBuildFile; fileRef = 164FAE162FA21C5300410BD1 /* style.css */; };
		164FAE1D2FA21C5300410BD1 /* manifest.json in Resources */ = {isa = PBXBuildFile; fileRef = 164FAE172FA21C5300410BD1 /* manifest.json */; };
		164FAE1E2FA21C5300410BD1 /* app.js in Resources */ = {isa = PBXBuildFile; fileRef = 164FAE182FA21C5300410BD1 /* app.js */; };
		A1B2C3D4E5F60718293A4B5C /* assets in Resources */ = {isa = PBXBuildFile; fileRef = A1B2C3D4E5F60718293A4B5D /* assets */; };
/* End PBXBuildFile section */

/* Begin PBXContainerItemProxy section */
		164FAE032FA21C5200410BD1 /* PBXContainerItemProxy */ = {
			isa = PBXContainerItemProxy;
			containerPortal = 164FADDE2FA21C5100410BD1 /* Project object */;
			proxyType = 1;
			remoteGlobalIDString = 164FAE002FA21C5200410BD1;
			remoteInfo = "TabOutSafari Extension";
		};
/* End PBXContainerItemProxy section */

/* Begin PBXCopyFilesBuildPhase section */
		164FAE0E2FA21C5200410BD1 /* Embed Foundation Extensions */ = {
			isa = PBXCopyFilesBuildPhase;
			buildActionMask = 2147483647;
			dstPath = "";
			dstSubfolderSpec = 13;
			files = (
				164FAE022FA21C5200410BD1 /* TabOutSafari Extension.appex in Embed Foundation Extensions */,
			);
			name = "Embed Foundation Extensions";
			runOnlyForDeploymentPostprocessing = 0;
		};
/* End PBXCopyFilesBuildPhase section */

/* Begin PBXFileReference section */
		164FADE62FA21C5100410BD1 /* TabOutSafari.app */ = {isa = PBXFileReference; explicitFileType = wrapper.application; includeInIndex = 0; path = TabOutSafari.app; sourceTree = BUILT_PRODUCTS_DIR; };
		164FADE92FA21C5100410BD1 /* AppDelegate.swift */ = {isa = PBXFileReference; lastKnownFileType = sourcecode.swift; path = AppDelegate.swift; sourceTree = "<group>"; };
		164FADED2FA21C5100410BD1 /* Base */ = {isa = PBXFileReference; lastKnownFileType = text.html; name = Base; path = Base.lproj/Main.html; sourceTree = "<group>"; };
		164FADEF2FA21C5100410BD1 /* Icon.png */ = {isa = PBXFileReference; lastKnownFileType = image.png; path = Icon.png; sourceTree = "<group>"; };
		164FADF12FA21C5100410BD1 /* Style.css */ = {isa = PBXFileReference; lastKnownFileType = text.css; path = Style.css; sourceTree = "<group>"; };
		164FADF32FA21C5100410BD1 /* Script.js */ = {isa = PBXFileReference; lastKnownFileType = sourcecode.javascript; path = Script.js; sourceTree = "<group>"; };
		164FADF52FA21C5100410BD1 /* ViewController.swift */ = {isa = PBXFileReference; lastKnownFileType = sourcecode.swift; path = ViewController.swift; sourceTree = "<group>"; };
		164FADF82FA21C5100410BD1 /* Base */ = {isa = PBXFileReference; lastKnownFileType = file.storyboard; name = Base; path = Base.lproj/Main.storyboard; sourceTree = "<group>"; };
		164FADFA2FA21C5200410BD1 /* Assets.xcassets */ = {isa = PBXFileReference; lastKnownFileType = folder.assetcatalog; path = Assets.xcassets; sourceTree = "<group>"; };
		164FADFC2FA21C5200410BD1 /* Info.plist */ = {isa = PBXFileReference; lastKnownFileType = text.plist.xml; path = Info.plist; sourceTree = "<group>"; };
		164FAE012FA21C5200410BD1 /* TabOutSafari Extension.appex */ = {isa = PBXFileReference; explicitFileType = "wrapper.app-extension"; includeInIndex = 0; path = "TabOutSafari Extension.appex"; sourceTree = BUILT_PRODUCTS_DIR; };
		164FAE062FA21C5200410BD1 /* SafariWebExtensionHandler.swift */ = {isa = PBXFileReference; lastKnownFileType = sourcecode.swift; path = SafariWebExtensionHandler.swift; sourceTree = "<group>"; };
		164FAE082FA21C5200410BD1 /* Info.plist */ = {isa = PBXFileReference; lastKnownFileType = text.plist.xml; path = Info.plist; sourceTree = "<group>"; };
		164FAE132FA21C5300410BD1 /* index.html */ = {isa = PBXFileReference; lastKnownFileType = text.html; name = index.html; path = Resources/index.html; sourceTree = "<group>"; };
		164FAE142FA21C5300410BD1 /* background.js */ = {isa = PBXFileReference; lastKnownFileType = sourcecode.javascript; name = background.js; path = Resources/background.js; sourceTree = "<group>"; };
		164FAE152FA21C5300410BD1 /* icons */ = {isa = PBXFileReference; lastKnownFileType = folder; name = icons; path = Resources/icons; sourceTree = "<group>"; };
		A1B2C3D4E5F60718293A4B5D /* assets */ = {isa = PBXFileReference; lastKnownFileType = folder; name = assets; path = Resources/assets; sourceTree = "<group>"; };
		164FAE162FA21C5300410BD1 /* style.css */ = {isa = PBXFileReference; lastKnownFileType = text.css; name = style.css; path = Resources/style.css; sourceTree = "<group>"; };
		164FAE172FA21C5300410BD1 /* manifest.json */ = {isa = PBXFileReference; lastKnownFileType = text.json; name = manifest.json; path = Resources/manifest.json; sourceTree = "<group>"; };
		164FAE182FA21C5300410BD1 /* app.js */ = {isa = PBXFileReference; lastKnownFileType = sourcecode.javascript; name = app.js; path = Resources/app.js; sourceTree = "<group>"; };
/* End PBXFileReference section */

/* Begin PBXFrameworksBuildPhase section */
		164FADE32FA21C5100410BD1 /* Frameworks */ = {
			isa = PBXFrameworksBuildPhase;
			buildActionMask = 2147483647;
			files = (
			);
			runOnlyForDeploymentPostprocessing = 0;
		};
		164FADFE2FA21C5200410BD1 /* Frameworks */ = {
			isa = PBXFrameworksBuildPhase;
			buildActionMask = 2147483647;
			files = (
			);
			runOnlyForDeploymentPostprocessing = 0;
		};
/* End PBXFrameworksBuildPhase section */

/* Begin PBXGroup section */
		164FADDD2FA21C5100410BD1 = {
			isa = PBXGroup;
			children = (
				164FADE82FA21C5100410BD1 /* TabOutSafari */,
				164FAE052FA21C5200410BD1 /* TabOutSafari Extension */,
				164FADE72FA21C5100410BD1 /* Products */,
			);
			sourceTree = "<group>";
		};
		164FADE72FA21C5100410BD1 /* Products */ = {
			isa = PBXGroup;
			children = (
				164FADE62FA21C5100410BD1 /* TabOutSafari.app */,
				164FAE012FA21C5200410BD1 /* TabOutSafari Extension.appex */,
			);
			name = Products;
			sourceTree = "<group>";
		};
		164FADE82FA21C5100410BD1 /* TabOutSafari */ = {
			isa = PBXGroup;
			children = (
				164FADE92FA21C5100410BD1 /* AppDelegate.swift */,
				164FADF52FA21C5100410BD1 /* ViewController.swift */,
				164FADF72FA21C5100410BD1 /* Main.storyboard */,
				164FADFA2FA21C5200410BD1 /* Assets.xcassets */,
				164FADFC2FA21C5200410BD1 /* Info.plist */,
				164FADEB2FA21C5100410BD1 /* Resources */,
			);
			path = TabOutSafari;
			sourceTree = "<group>";
		};
		164FADEB2FA21C5100410BD1 /* Resources */ = {
			isa = PBXGroup;
			children = (
				164FADEC2FA21C5100410BD1 /* Main.html */,
				164FADEF2FA21C5100410BD1 /* Icon.png */,
				164FADF12FA21C5100410BD1 /* Style.css */,
				164FADF32FA21C5100410BD1 /* Script.js */,
			);
			path = Resources;
			sourceTree = "<group>";
		};
		164FAE052FA21C5200410BD1 /* TabOutSafari Extension */ = {
			isa = PBXGroup;
			children = (
				164FAE122FA21C5300410BD1 /* Resources */,
				164FAE062FA21C5200410BD1 /* SafariWebExtensionHandler.swift */,
				164FAE082FA21C5200410BD1 /* Info.plist */,
			);
			path = "TabOutSafari Extension";
			sourceTree = "<group>";
		};
		164FAE122FA21C5300410BD1 /* Resources */ = {
			isa = PBXGroup;
			children = (
				164FAE132FA21C5300410BD1 /* index.html */,
				164FAE142FA21C5300410BD1 /* background.js */,
				164FAE152FA21C5300410BD1 /* icons */,
				A1B2C3D4E5F60718293A4B5D /* assets */,
				164FAE162FA21C5300410BD1 /* style.css */,
				164FAE172FA21C5300410BD1 /* manifest.json */,
				164FAE182FA21C5300410BD1 /* app.js */,
			);
			name = Resources;
			path = "TabOutSafari Extension";
			sourceTree = SOURCE_ROOT;
		};
/* End PBXGroup section */

/* Begin PBXNativeTarget section */
		164FADE52FA21C5100410BD1 /* TabOutSafari */ = {
			isa = PBXNativeTarget;
			buildConfigurationList = 164FAE0F2FA21C5200410BD1 /* Build configuration list for PBXNativeTarget "TabOutSafari" */;
			buildPhases = (
				164FADE22FA21C5100410BD1 /* Sources */,
				164FADE32FA21C5100410BD1 /* Frameworks */,
				164FADE42FA21C5100410BD1 /* Resources */,
				164FAE0E2FA21C5200410BD1 /* Embed Foundation Extensions */,
			);
			buildRules = (
			);
			dependencies = (
				164FAE042FA21C5200410BD1 /* PBXTargetDependency */,
			);
			name = TabOutSafari;
			packageProductDependencies = (
			);
			productName = TabOutSafari;
			productReference = 164FADE62FA21C5100410BD1 /* TabOutSafari.app */;
			productType = "com.apple.product-type.application";
		};
		164FAE002FA21C5200410BD1 /* TabOutSafari Extension */ = {
			isa = PBXNativeTarget;
			buildConfigurationList = 164FAE0B2FA21C5200410BD1 /* Build configuration list for PBXNativeTarget "TabOutSafari Extension" */;
			buildPhases = (
				164FADFD2FA21C5200410BD1 /* Sources */,
				164FADFE2FA21C5200410BD1 /* Frameworks */,
				164FADFF2FA21C5200410BD1 /* Resources */,
			);
			buildRules = (
			);
			dependencies = (
			);
			name = "TabOutSafari Extension";
			packageProductDependencies = (
			);
			productName = "TabOutSafari Extension";
			productReference = 164FAE012FA21C5200410BD1 /* TabOutSafari Extension.appex */;
			productType = "com.apple.product-type.app-extension";
		};
/* End PBXNativeTarget section */

/* Begin PBXProject section */
		164FADDE2FA21C5100410BD1 /* Project object */ = {
			isa = PBXProject;
			attributes = {
				BuildIndependentTargetsInParallel = 1;
				LastSwiftUpdateCheck = 2630;
				LastUpgradeCheck = 2630;
				TargetAttributes = {
					164FADE52FA21C5100410BD1 = {
						CreatedOnToolsVersion = 26.3;
					};
					164FAE002FA21C5200410BD1 = {
						CreatedOnToolsVersion = 26.3;
					};
				};
			};
			buildConfigurationList = 164FADE12FA21C5100410BD1 /* Build configuration list for PBXProject "TabOutSafari" */;
			developmentRegion = en;
			hasScannedForEncodings = 0;
			knownRegions = (
				en,
				Base,
			);
			mainGroup = 164FADDD2FA21C5100410BD1;
			minimizedProjectReferenceProxies = 1;
			preferredProjectObjectVersion = 77;
			productRefGroup = 164FADE72FA21C5100410BD1 /* Products */;
			projectDirPath = "";
			projectRoot = "";
			targets = (
				164FADE52FA21C5100410BD1 /* TabOutSafari */,
				164FAE002FA21C5200410BD1 /* TabOutSafari Extension */,
			);
		};
/* End PBXProject section */

/* Begin PBXResourcesBuildPhase section */
		164FADE42FA21C5100410BD1 /* Resources */ = {
			isa = PBXResourcesBuildPhase;
			buildActionMask = 2147483647;
			files = (
				164FADF02FA21C5100410BD1 /* Icon.png in Resources */,
				164FADF92FA21C5100410BD1 /* Main.storyboard in Resources */,
				164FADF42FA21C5100410BD1 /* Script.js in Resources */,
				164FADEE2FA21C5100410BD1 /* Main.html in Resources */,
				164FADFB2FA21C5200410BD1 /* Assets.xcassets in Resources */,
				164FADF22FA21C5100410BD1 /* Style.css in Resources */,
			);
			runOnlyForDeploymentPostprocessing = 0;
		};
		164FADFF2FA21C5200410BD1 /* Resources */ = {
			isa = PBXResourcesBuildPhase;
			buildActionMask = 2147483647;
			files = (
				164FAE1E2FA21C5300410BD1 /* app.js in Resources */,
				164FAE1B2FA21C5300410BD1 /* icons in Resources */,
				A1B2C3D4E5F60718293A4B5C /* assets in Resources */,
				164FAE1C2FA21C5300410BD1 /* style.css in Resources */,
				164FAE1D2FA21C5300410BD1 /* manifest.json in Resources */,
				164FAE1A2FA21C5300410BD1 /* background.js in Resources */,
				164FAE192FA21C5300410BD1 /* index.html in Resources */,
			);
			runOnlyForDeploymentPostprocessing = 0;
		};
/* End PBXResourcesBuildPhase section */

/* Begin PBXSourcesBuildPhase section */
		164FADE22FA21C5100410BD1 /* Sources */ = {
			isa = PBXSourcesBuildPhase;
			buildActionMask = 2147483647;
			files = (
				164FADF62FA21C5100410BD1 /* ViewController.swift in Sources */,
				164FADEA2FA21C5100410BD1 /* AppDelegate.swift in Sources */,
			);
			runOnlyForDeploymentPostprocessing = 0;
		};
		164FADFD2FA21C5200410BD1 /* Sources */ = {
			isa = PBXSourcesBuildPhase;
			buildActionMask = 2147483647;
			files = (
				164FAE072FA21C5200410BD1 /* SafariWebExtensionHandler.swift in Sources */,
			);
			runOnlyForDeploymentPostprocessing = 0;
		};
/* End PBXSourcesBuildPhase section */

/* Begin PBXTargetDependency section */
		164FAE042FA21C5200410BD1 /* PBXTargetDependency */ = {
			isa = PBXTargetDependency;
			target = 164FAE002FA21C5200410BD1 /* TabOutSafari Extension */;
			targetProxy = 164FAE032FA21C5200410BD1 /* PBXContainerItemProxy */;
		};
/* End PBXTargetDependency section */

/* Begin PBXVariantGroup section */
		164FADEC2FA21C5100410BD1 /* Main.html */ = {
			isa = PBXVariantGroup;
			children = (
				164FADED2FA21C5100410BD1 /* Base */,
			);
			name = Main.html;
			sourceTree = "<group>";
		};
		164FADF72FA21C5100410BD1 /* Main.storyboard */ = {
			isa = PBXVariantGroup;
			children = (
				164FADF82FA21C5100410BD1 /* Base */,
			);
			name = Main.storyboard;
			sourceTree = "<group>";
		};
/* End PBXVariantGroup section */

/* Begin XCBuildConfiguration section */
		164FAE092FA21C5200410BD1 /* Debug */ = {
			isa = XCBuildConfiguration;
			buildSettings = {
				ALWAYS_SEARCH_USER_PATHS = NO;
				ASSETCATALOG_COMPILER_GENERATE_SWIFT_ASSET_SYMBOL_EXTENSIONS = YES;
				CLANG_ANALYZER_NONNULL = YES;
				CLANG_ANALYZER_NUMBER_OBJECT_CONVERSION = YES_AGGRESSIVE;
				CLANG_CXX_LANGUAGE_STANDARD = "gnu++20";
				CLANG_ENABLE_MODULES = YES;
				CLANG_ENABLE_OBJC_ARC = YES;
				CLANG_ENABLE_OBJC_WEAK = YES;
				CLANG_WARN_BLOCK_CAPTURE_AUTORELEASING = YES;
				CLANG_WARN_BOOL_CONVERSION = YES;
				CLANG_WARN_COMMA = YES;
				CLANG_WARN_CONSTANT_CONVERSION = YES;
				CLANG_WARN_DEPRECATED_OBJC_IMPLEMENTATIONS = YES;
				CLANG_WARN_DIRECT_OBJC_ISA_USAGE = YES_ERROR;
				CLANG_WARN_DOCUMENTATION_COMMENTS = YES;
				CLANG_WARN_EMPTY_BODY = YES;
				CLANG_WARN_ENUM_CONVERSION = YES;
				CLANG_WARN_INFINITE_RECURSION = YES;
				CLANG_WARN_INT_CONVERSION = YES;
				CLANG_WARN_NON_LITERAL_NULL_CONVERSION = YES;
				CLANG_WARN_OBJC_IMPLICIT_RETAIN_SELF = YES;
				CLANG_WARN_OBJC_LITERAL_CONVERSION = YES;
				CLANG_WARN_OBJC_ROOT_CLASS = YES_ERROR;
				CLANG_WARN_QUOTED_INCLUDE_IN_FRAMEWORK_HEADER = YES;
				CLANG_WARN_RANGE_LOOP_ANALYSIS = YES;
				CLANG_WARN_STRICT_PROTOTYPES = YES;
				CLANG_WARN_SUSPICIOUS_MOVE = YES;
				CLANG_WARN_UNGUARDED_AVAILABILITY = YES_AGGRESSIVE;
				CLANG_WARN_UNREACHABLE_CODE = YES;
				CLANG_WARN__DUPLICATE_METHOD_MATCH = YES;
				COPY_PHASE_STRIP = NO;
				DEBUG_INFORMATION_FORMAT = dwarf;
				ENABLE_STRICT_OBJC_MSGSEND = YES;
				ENABLE_TESTABILITY = YES;
				ENABLE_USER_SCRIPT_SANDBOXING = YES;
				GCC_C_LANGUAGE_STANDARD = gnu17;
				GCC_DYNAMIC_NO_PIC = NO;
				GCC_NO_COMMON_BLOCKS = YES;
				GCC_OPTIMIZATION_LEVEL = 0;
				GCC_PREPROCESSOR_DEFINITIONS = (
					"DEBUG=1",
					"$(inherited)",
				);
				GCC_WARN_64_TO_32_BIT_CONVERSION = YES;
				GCC_WARN_ABOUT_RETURN_TYPE = YES_ERROR;
				GCC_WARN_UNDECLARED_SELECTOR = YES;
				GCC_WARN_UNINITIALIZED_AUTOS = YES_AGGRESSIVE;
				GCC_WARN_UNUSED_FUNCTION = YES;
				GCC_WARN_UNUSED_VARIABLE = YES;
				LOCALIZATION_PREFERS_STRING_CATALOGS = YES;
				MACOSX_DEPLOYMENT_TARGET = 26.2;
				MTL_ENABLE_DEBUG_INFO = INCLUDE_SOURCE;
				MTL_FAST_MATH = YES;
				ONLY_ACTIVE_ARCH = YES;
				SDKROOT = macosx;
				SWIFT_ACTIVE_COMPILATION_CONDITIONS = "DEBUG $(inherited)";
				SWIFT_OPTIMIZATION_LEVEL = "-Onone";
			};
			name = Debug;
		};
		164FAE0A2FA21C5200410BD1 /* Release */ = {
			isa = XCBuildConfiguration;
			buildSettings = {
				ALWAYS_SEARCH_USER_PATHS = NO;
				ASSETCATALOG_COMPILER_GENERATE_SWIFT_ASSET_SYMBOL_EXTENSIONS = YES;
				CLANG_ANALYZER_NONNULL = YES;
				CLANG_ANALYZER_NUMBER_OBJECT_CONVERSION = YES_AGGRESSIVE;
				CLANG_CXX_LANGUAGE_STANDARD = "gnu++20";
				CLANG_ENABLE_MODULES = YES;
				CLANG_ENABLE_OBJC_ARC = YES;
				CLANG_ENABLE_OBJC_WEAK = YES;
				CLANG_WARN_BLOCK_CAPTURE_AUTORELEASING = YES;
				CLANG_WARN_BOOL_CONVERSION = YES;
				CLANG_WARN_COMMA = YES;
				CLANG_WARN_CONSTANT_CONVERSION = YES;
				CLANG_WARN_DEPRECATED_OBJC_IMPLEMENTATIONS = YES;
				CLANG_WARN_DIRECT_OBJC_ISA_USAGE = YES_ERROR;
				CLANG_WARN_DOCUMENTATION_COMMENTS = YES;
				CLANG_WARN_EMPTY_BODY = YES;
				CLANG_WARN_ENUM_CONVERSION = YES;
				CLANG_WARN_INFINITE_RECURSION = YES;
				CLANG_WARN_INT_CONVERSION = YES;
				CLANG_WARN_NON_LITERAL_NULL_CONVERSION = YES;
				CLANG_WARN_OBJC_IMPLICIT_RETAIN_SELF = YES;
				CLANG_WARN_OBJC_LITERAL_CONVERSION = YES;
				CLANG_WARN_OBJC_ROOT_CLASS = YES_ERROR;
				CLANG_WARN_QUOTED_INCLUDE_IN_FRAMEWORK_HEADER = YES;
				CLANG_WARN_RANGE_LOOP_ANALYSIS = YES;
				CLANG_WARN_STRICT_PROTOTYPES = YES;
				CLANG_WARN_SUSPICIOUS_MOVE = YES;
				CLANG_WARN_UNGUARDED_AVAILABILITY = YES_AGGRESSIVE;
				CLANG_WARN_UNREACHABLE_CODE = YES;
				CLANG_WARN__DUPLICATE_METHOD_MATCH = YES;
				COPY_PHASE_STRIP = NO;
				DEBUG_INFORMATION_FORMAT = "dwarf-with-dsym";
				ENABLE_NS_ASSERTIONS = NO;
				ENABLE_STRICT_OBJC_MSGSEND = YES;
				ENABLE_USER_SCRIPT_SANDBOXING = YES;
				GCC_C_LANGUAGE_STANDARD = gnu17;
				GCC_NO_COMMON_BLOCKS = YES;
				GCC_WARN_64_TO_32_BIT_CONVERSION = YES;
				GCC_WARN_ABOUT_RETURN_TYPE = YES_ERROR;
				GCC_WARN_UNDECLARED_SELECTOR = YES;
				GCC_WARN_UNINITIALIZED_AUTOS = YES_AGGRESSIVE;
				GCC_WARN_UNUSED_FUNCTION = YES;
				GCC_WARN_UNUSED_VARIABLE = YES;
				LOCALIZATION_PREFERS_STRING_CATALOGS = YES;
				MACOSX_DEPLOYMENT_TARGET = 26.2;
				MTL_ENABLE_DEBUG_INFO = NO;
				MTL_FAST_MATH = YES;
				SDKROOT = macosx;
				SWIFT_COMPILATION_MODE = wholemodule;
			};
			name = Release;
		};
		164FAE0C2FA21C5200410BD1 /* Debug */ = {
			isa = XCBuildConfiguration;
			buildSettings = {
				CODE_SIGN_STYLE = Automatic;
				CURRENT_PROJECT_VERSION = 1;
				ENABLE_APP_SANDBOX = YES;
				ENABLE_HARDENED_RUNTIME = YES;
				ENABLE_USER_SELECTED_FILES = readonly;
				GENERATE_INFOPLIST_FILE = YES;
				INFOPLIST_FILE = "TabOutSafari Extension/Info.plist";
				INFOPLIST_KEY_CFBundleDisplayName = "TabOutSafari Extension";
				INFOPLIST_KEY_NSHumanReadableCopyright = "";
				LD_RUNPATH_SEARCH_PATHS = (
					"$(inherited)",
					"@executable_path/../Frameworks",
					"@executable_path/../../../../Frameworks",
				);
				MACOSX_DEPLOYMENT_TARGET = 10.14;
				MARKETING_VERSION = 1.0;
				OTHER_LDFLAGS = (
					"-framework",
					SafariServices,
				);
				PRODUCT_BUNDLE_IDENTIFIER = com.guziyang.tabout.Extension;
				PRODUCT_NAME = "$(TARGET_NAME)";
				SKIP_INSTALL = YES;
				STRING_CATALOG_GENERATE_SYMBOLS = YES;
				SWIFT_APPROACHABLE_CONCURRENCY = YES;
				SWIFT_EMIT_LOC_STRINGS = YES;
				SWIFT_UPCOMING_FEATURE_MEMBER_IMPORT_VISIBILITY = YES;
				SWIFT_VERSION = 5.0;
			};
			name = Debug;
		};
		164FAE0D2FA21C5200410BD1 /* Release */ = {
			isa = XCBuildConfiguration;
			buildSettings = {
				CODE_SIGN_STYLE = Automatic;
				CURRENT_PROJECT_VERSION = 1;
				ENABLE_APP_SANDBOX = YES;
				ENABLE_HARDENED_RUNTIME = YES;
				ENABLE_USER_SELECTED_FILES = readonly;
				GENERATE_INFOPLIST_FILE = YES;
				INFOPLIST_FILE = "TabOutSafari Extension/Info.plist";
				INFOPLIST_KEY_CFBundleDisplayName = "TabOutSafari Extension";
				INFOPLIST_KEY_NSHumanReadableCopyright = "";
				LD_RUNPATH_SEARCH_PATHS = (
					"$(inherited)",
					"@executable_path/../Frameworks",
					"@executable_path/../../../../Frameworks",
				);
				MACOSX_DEPLOYMENT_TARGET = 10.14;
				MARKETING_VERSION = 1.0;
				OTHER_LDFLAGS = (
					"-framework",
					SafariServices,
				);
				PRODUCT_BUNDLE_IDENTIFIER = com.guziyang.tabout.Extension;
				PRODUCT_NAME = "$(TARGET_NAME)";
				SKIP_INSTALL = YES;
				STRING_CATALOG_GENERATE_SYMBOLS = YES;
				SWIFT_APPROACHABLE_CONCURRENCY = YES;
				SWIFT_EMIT_LOC_STRINGS = YES;
				SWIFT_UPCOMING_FEATURE_MEMBER_IMPORT_VISIBILITY = YES;
				SWIFT_VERSION = 5.0;
			};
			name = Release;
		};
		164FAE102FA21C5200410BD1 /* Debug */ = {
			isa = XCBuildConfiguration;
			buildSettings = {
				ASSETCATALOG_COMPILER_APPICON_NAME = AppIcon;
				ASSETCATALOG_COMPILER_GLOBAL_ACCENT_COLOR_NAME = AccentColor;
				CODE_SIGN_STYLE = Automatic;
				COMBINE_HIDPI_IMAGES = YES;
				CURRENT_PROJECT_VERSION = 1;
				ENABLE_APP_SANDBOX = YES;
				ENABLE_HARDENED_RUNTIME = YES;
				ENABLE_OUTGOING_NETWORK_CONNECTIONS = YES;
				ENABLE_USER_SELECTED_FILES = readonly;
				GENERATE_INFOPLIST_FILE = YES;
				INFOPLIST_FILE = TabOutSafari/Info.plist;
				INFOPLIST_KEY_CFBundleDisplayName = TabOutSafari;
				INFOPLIST_KEY_NSHumanReadableCopyright = "";
				INFOPLIST_KEY_NSMainStoryboardFile = Main;
				INFOPLIST_KEY_NSPrincipalClass = NSApplication;
				LD_RUNPATH_SEARCH_PATHS = (
					"$(inherited)",
					"@executable_path/../Frameworks",
				);
				MARKETING_VERSION = 1.0;
				OTHER_LDFLAGS = (
					"-framework",
					SafariServices,
					"-framework",
					WebKit,
				);
				PRODUCT_BUNDLE_IDENTIFIER = com.guziyang.tabout;
				PRODUCT_NAME = "$(TARGET_NAME)";
				REGISTER_APP_GROUPS = YES;
				STRING_CATALOG_GENERATE_SYMBOLS = YES;
				SWIFT_APPROACHABLE_CONCURRENCY = YES;
				SWIFT_DEFAULT_ACTOR_ISOLATION = MainActor;
				SWIFT_EMIT_LOC_STRINGS = YES;
				SWIFT_UPCOMING_FEATURE_MEMBER_IMPORT_VISIBILITY = YES;
				SWIFT_VERSION = 5.0;
			};
			name = Debug;
		};
		164FAE112FA21C5200410BD1 /* Release */ = {
			isa = XCBuildConfiguration;
			buildSettings = {
				ASSETCATALOG_COMPILER_APPICON_NAME = AppIcon;
				ASSETCATALOG_COMPILER_GLOBAL_ACCENT_COLOR_NAME = AccentColor;
				CODE_SIGN_STYLE = Automatic;
				COMBINE_HIDPI_IMAGES = YES;
				CURRENT_PROJECT_VERSION = 1;
				ENABLE_APP_SANDBOX = YES;
				ENABLE_HARDENED_RUNTIME = YES;
				ENABLE_OUTGOING_NETWORK_CONNECTIONS = YES;
				ENABLE_USER_SELECTED_FILES = readonly;
				GENERATE_INFOPLIST_FILE = YES;
				INFOPLIST_FILE = TabOutSafari/Info.plist;
				INFOPLIST_KEY_CFBundleDisplayName = TabOutSafari;
				INFOPLIST_KEY_NSHumanReadableCopyright = "";
				INFOPLIST_KEY_NSMainStoryboardFile = Main;
				INFOPLIST_KEY_NSPrincipalClass = NSApplication;
				LD_RUNPATH_SEARCH_PATHS = (
					"$(inherited)",
					"@executable_path/../Frameworks",
				);
				MARKETING_VERSION = 1.0;
				OTHER_LDFLAGS = (
					"-framework",
					SafariServices,
					"-framework",
					WebKit,
				);
				PRODUCT_BUNDLE_IDENTIFIER = com.guziyang.tabout;
				PRODUCT_NAME = "$(TARGET_NAME)";
				REGISTER_APP_GROUPS = YES;
				STRING_CATALOG_GENERATE_SYMBOLS = YES;
				SWIFT_APPROACHABLE_CONCURRENCY = YES;
				SWIFT_DEFAULT_ACTOR_ISOLATION = MainActor;
				SWIFT_EMIT_LOC_STRINGS = YES;
				SWIFT_UPCOMING_FEATURE_MEMBER_IMPORT_VISIBILITY = YES;
				SWIFT_VERSION = 5.0;
			};
			name = Release;
		};
/* End XCBuildConfiguration section */

/* Begin XCConfigurationList section */
		164FADE12FA21C5100410BD1 /* Build configuration list for PBXProject "TabOutSafari" */ = {
			isa = XCConfigurationList;
			buildConfigurations = (
				164FAE092FA21C5200410BD1 /* Debug */,
				164FAE0A2FA21C5200410BD1 /* Release */,
			);
			defaultConfigurationIsVisible = 0;
			defaultConfigurationName = Release;
		};
		164FAE0B2FA21C5200410BD1 /* Build configuration list for PBXNativeTarget "TabOutSafari Extension" */ = {
			isa = XCConfigurationList;
			buildConfigurations = (
				164FAE0C2FA21C5200410BD1 /* Debug */,
				164FAE0D2FA21C5200410BD1 /* Release */,
			);
			defaultConfigurationIsVisible = 0;
			defaultConfigurationName = Release;
		};
		164FAE0F2FA21C5200410BD1 /* Build configuration list for PBXNativeTarget "TabOutSafari" */ = {
			isa = XCConfigurationList;
			buildConfigurations = (
				164FAE102FA21C5200410BD1 /* Debug */,
				164FAE112FA21C5200410BD1 /* Release */,
			);
			defaultConfigurationIsVisible = 0;
			defaultConfigurationName = Release;
		};
/* End XCConfigurationList section */
	};
	rootObject = 164FADDE2FA21C5100410BD1 /* Project object */;
}
